
Microsoft Visual Studio Solution File, Format Version 12.00
# Visual Studio 15
VisualStudioVersion = 15.0.28307.421
MinimumVisualStudioVersion = 10.0.40219.1
Project("{FAE04EC0-301F-11D3-BF4B-00C04F79EFBC}") = "PapaStreet.BLL", "Core\PapaStreet.BLL\PapaStreet.BLL.csproj", "{0B8E1A05-B540-46F2-BD83-AB93D09C2F3D}"
EndProject
Project("{FAE04EC0-301F-11D3-BF4B-00C04F79EFBC}") = "PapaStreet.DAL", "Core\PapaStreet.DAL\PapaStreet.DAL.csproj", "{3729C4E6-4590-4323-B849-F2B012774B2A}"
EndProject
Project("{FAE04EC0-301F-11D3-BF4B-00C04F79EFBC}") = "PapaStreet.Common", "Core\PapaStreet.Common\PapaStreet.Common.csproj", "{DD98045E-28D5-49C3-8A5A-2498788CC663}"
EndProject
Project("{2150E333-8FDC-42A3-9474-1A3956D46DE8}") = "Core", "Core", "{A7B6A9E2-089D-4D0C-B6DA-BB2CF15B0AA9}"
EndProject
Project("{2150E333-8FDC-42A3-9474-1A3956D46DE8}") = "UI", "UI", "{58D9A1B7-E714-490F-AF8D-A18E040A61B0}"
EndProject
Project("{FAE04EC0-301F-11D3-BF4B-00C04F79EFBC}") = "PapaStreet.WebUI", "UI\PapaStreet.WebUI\PapaStreet.WebUI.csproj", "{FFDEF02E-4BAD-4DAC-9A80-DCF04A4B1C2D}"
EndProject
Project("{FAE04EC0-301F-11D3-BF4B-00C04F79EFBC}") = "PapaSreet.AdminUI", "UI\PapaSreet.AdminUI\PapaSreet.AdminUI.csproj", "{1032CBBB-5E8C-41A2-8FEE-6673648FBFE6}"
EndProject
Project("{2150E333-8FDC-42A3-9474-1A3956D46DE8}") = "Adapters", "Adapters", "{7CC4B79D-74E7-44E4-AD5B-92AA25D0D535}"
EndProject
Project("{FAE04EC0-301F-11D3-BF4B-00C04F79EFBC}") = "Papastreet.JobRunner", "Adapters\Papastreet.JobRunner\Papastreet.JobRunner.csproj", "{3F7981C3-A58B-4032-B915-92FC2AF439F2}"
EndProject
Project("{2150E333-8FDC-42A3-9474-1A3956D46DE8}") = "External", "External", "{DD102ADD-9D16-4642-9160-109820574DE7}"
EndProject
Project("{FAE04EC0-301F-11D3-BF4B-00C04F79EFBC}") = "SiteGrabber", "External\RentalGrabber\SiteGrabber.csproj", "{4B979D8B-BD07-454A-937E-25B6508467C5}"
EndProject
Global
	GlobalSection(SolutionConfigurationPlatforms) = preSolution
		Debug|Any CPU = Debug|Any CPU
		Release|Any CPU = Release|Any CPU
	EndGlobalSection
	GlobalSection(ProjectConfigurationPlatforms) = postSolution
		{0B8E1A05-B540-46F2-BD83-AB93D09C2F3D}.Debug|Any CPU.ActiveCfg = Debug|Any CPU
		{0B8E1A05-B540-46F2-BD83-AB93D09C2F3D}.Debug|Any CPU.Build.0 = Debug|Any CPU
		{0B8E1A05-B540-46F2-BD83-AB93D09C2F3D}.Release|Any CPU.ActiveCfg = Release|Any CPU
		{0B8E1A05-B540-46F2-BD83-AB93D09C2F3D}.Release|Any CPU.Build.0 = Release|Any CPU
		{3729C4E6-4590-4323-B849-F2B012774B2A}.Debug|Any CPU.ActiveCfg = Debug|Any CPU
		{3729C4E6-4590-4323-B849-F2B012774B2A}.Debug|Any CPU.Build.0 = Debug|Any CPU
		{3729C4E6-4590-4323-B849-F2B012774B2A}.Release|Any CPU.ActiveCfg = Release|Any CPU
		{3729C4E6-4590-4323-B849-F2B012774B2A}.Release|Any CPU.Build.0 = Release|Any CPU
		{DD98045E-28D5-49C3-8A5A-2498788CC663}.Debug|Any CPU.ActiveCfg = Debug|Any CPU
		{DD98045E-28D5-49C3-8A5A-2498788CC663}.Debug|Any CPU.Build.0 = Debug|Any CPU
		{DD98045E-28D5-49C3-8A5A-2498788CC663}.Release|Any CPU.ActiveCfg = Release|Any CPU
		{DD98045E-28D5-49C3-8A5A-2498788CC663}.Release|Any CPU.Build.0 = Release|Any CPU
		{FFDEF02E-4BAD-4DAC-9A80-DCF04A4B1C2D}.Debug|Any CPU.ActiveCfg = Debug|Any CPU
		{FFDEF02E-4BAD-4DAC-9A80-DCF04A4B1C2D}.Debug|Any CPU.Build.0 = Debug|Any CPU
		{FFDEF02E-4BAD-4DAC-9A80-DCF04A4B1C2D}.Release|Any CPU.ActiveCfg = Release|Any CPU
		{FFDEF02E-4BAD-4DAC-9A80-DCF04A4B1C2D}.Release|Any CPU.Build.0 = Release|Any CPU
		{1032CBBB-5E8C-41A2-8FEE-6673648FBFE6}.Debug|Any CPU.ActiveCfg = Debug|Any CPU
		{1032CBBB-5E8C-41A2-8FEE-6673648FBFE6}.Debug|Any CPU.Build.0 = Debug|Any CPU
		{1032CBBB-5E8C-41A2-8FEE-6673648FBFE6}.Release|Any CPU.ActiveCfg = Release|Any CPU
		{1032CBBB-5E8C-41A2-8FEE-6673648FBFE6}.Release|Any CPU.Build.0 = Release|Any CPU
		{3F7981C3-A58B-4032-B915-92FC2AF439F2}.Debug|Any CPU.ActiveCfg = Debug|Any CPU
		{3F7981C3-A58B-4032-B915-92FC2AF439F2}.Debug|Any CPU.Build.0 = Debug|Any CPU
		{3F7981C3-A58B-4032-B915-92FC2AF439F2}.Release|Any CPU.ActiveCfg = Release|Any CPU
		{3F7981C3-A58B-4032-B915-92FC2AF439F2}.Release|Any CPU.Build.0 = Release|Any CPU
		{4B979D8B-BD07-454A-937E-25B6508467C5}.Debug|Any CPU.ActiveCfg = Debug|Any CPU
		{4B979D8B-BD07-454A-937E-25B6508467C5}.Debug|Any CPU.Build.0 = Debug|Any CPU
		{4B979D8B-BD07-454A-937E-25B6508467C5}.Release|Any CPU.ActiveCfg = Release|Any CPU
		{4B979D8B-BD07-454A-937E-25B6508467C5}.Release|Any CPU.Build.0 = Release|Any CPU
	EndGlobalSection
	GlobalSection(SolutionProperties) = preSolution
		HideSolutionNode = FALSE
	EndGlobalSection
	GlobalSection(NestedProjects) = preSolution
		{0B8E1A05-B540-46F2-BD83-AB93D09C2F3D} = {A7B6A9E2-089D-4D0C-B6DA-BB2CF15B0AA9}
		{3729C4E6-4590-4323-B849-F2B012774B2A} = {A7B6A9E2-089D-4D0C-B6DA-BB2CF15B0AA9}
		{DD98045E-28D5-49C3-8A5A-2498788CC663} = {A7B6A9E2-089D-4D0C-B6DA-BB2CF15B0AA9}
		{FFDEF02E-4BAD-4DAC-9A80-DCF04A4B1C2D} = {58D9A1B7-E714-490F-AF8D-A18E040A61B0}
		{1032CBBB-5E8C-41A2-8FEE-6673648FBFE6} = {58D9A1B7-E714-490F-AF8D-A18E040A61B0}
		{3F7981C3-A58B-4032-B915-92FC2AF439F2} = {7CC4B79D-74E7-44E4-AD5B-92AA25D0D535}
		{4B979D8B-BD07-454A-937E-25B6508467C5} = {DD102ADD-9D16-4642-9160-109820574DE7}
	EndGlobalSection
	GlobalSection(ExtensibilityGlobals) = postSolution
		SolutionGuid = {1B2E8FE9-A74C-414B-B924-155E59336094}
	EndGlobalSection
EndGlobal
